
Microsoft Visual Studio Solution File, Format Version 12.00
# Visual Studio Version 17
VisualStudioVersion = 17.7.34202.233
MinimumVisualStudioVersion = 10.0.40219.1
Project("{FAE04EC0-301F-11D3-BF4B-00C04F79EFBC}") = "Labb2_Tradar", "Labb2_Tradar.csproj", "{3C3D622D-8E5C-4734-A77A-8387A296A949}"
EndProject
Global
	GlobalSection(SolutionConfigurationPlatforms) = preSolution
		Debug|Any CPU = Debug|Any CPU
		Release|Any CPU = Release|Any CPU
	EndGlobalSection
	GlobalSection(ProjectConfigurationPlatforms) = postSolution
		{3C3D622D-8E5C-4734-A77A-8387A296A949}.Debug|Any CPU.ActiveCfg = Debug|Any CPU
		{3C3D622D-8E5C-4734-A77A-8387A296A949}.Debug|Any CPU.Build.0 = Debug|Any CPU
		{3C3D622D-8E5C-4734-A77A-8387A296A949}.Release|Any CPU.ActiveCfg = Release|Any CPU
		{3C3D622D-8E5C-4734-A77A-8387A296A949}.Release|Any CPU.Build.0 = Release|Any CPU
	EndGlobalSection
	GlobalSection(SolutionProperties) = preSolution
		HideSolutionNode = FALSE
	EndGlobalSection
	GlobalSection(ExtensibilityGlobals) = postSolution
		SolutionGuid = {74CF3AE0-BD67-4FD9-AD9C-3F7F38254699}
	EndGlobalSection
EndGlobal
